
Microsoft Visual Studio Solution File, Format Version 12.00
# Visual Studio 15
VisualStudioVersion = 15.0.28307.1082
MinimumVisualStudioVersion = 10.0.40219.1
Project("{FAE04EC0-301F-11D3-BF4B-00C04F79EFBC}") = "DosatorsApp", "DosatorsApp\DosatorsApp.csproj", "{D1E934F8-5435-4ED3-9532-09B8CAF03334}"
EndProject
Global
	GlobalSection(SolutionConfigurationPlatforms) = preSolution
		Debug|Any CPU = Debug|Any CPU
		Release|Any CPU = Release|Any CPU
	EndGlobalSection
	GlobalSection(ProjectConfigurationPlatforms) = postSolution
		{D1E934F8-5435-4ED3-9532-09B8CAF03334}.Debug|Any CPU.ActiveCfg = Debug|Any CPU
		{D1E934F8-5435-4ED3-9532-09B8CAF03334}.Debug|Any CPU.Build.0 = Debug|Any CPU
		{D1E934F8-5435-4ED3-9532-09B8CAF03334}.Release|Any CPU.ActiveCfg = Release|Any CPU
		{D1E934F8-5435-4ED3-9532-09B8CAF03334}.Release|Any CPU.Build.0 = Release|Any CPU
	EndGlobalSection
	GlobalSection(SolutionProperties) = preSolution
		HideSolutionNode = FALSE
	EndGlobalSection
	GlobalSection(ExtensibilityGlobals) = postSolution
		SolutionGuid = {D85F5B67-D491-4AA9-849A-930FF6E759FF}
	EndGlobalSection
EndGlobal
